
Microsoft Visual Studio Solution File, Format Version 12.00
# Visual Studio Version 16
VisualStudioVersion = 16.0.30621.155
MinimumVisualStudioVersion = 10.0.40219.1
Project("{FAE04EC0-301F-11D3-BF4B-00C04F79EFBC}") = "PresentationLayer", "CodingChallengeThird\PresentationLayer.csproj", "{4B3BF1C5-FA7D-4A69-B743-C12019E6DDE9}"
EndProject
Project("{FAE04EC0-301F-11D3-BF4B-00C04F79EFBC}") = "Entities", "Entities\Entities.csproj", "{4BB86141-CFA1-4EE5-A468-0C5E2C504A3F}"
EndProject
Project("{FAE04EC0-301F-11D3-BF4B-00C04F79EFBC}") = "BussinessLayer", "BussinessLayer\BussinessLayer.csproj", "{C596D502-D29C-4316-BD92-101E42D60794}"
EndProject
Project("{FAE04EC0-301F-11D3-BF4B-00C04F79EFBC}") = "DataAccessLayer", "DataAccessLayer\DataAccessLayer.csproj", "{785DD9BA-5449-4252-9A2D-2B65B6775A86}"
EndProject
Project("{FAE04EC0-301F-11D3-BF4B-00C04F79EFBC}") = "Exceptions", "Exceptions\Exceptions.csproj", "{84670FBE-D584-4390-9429-113D152319A1}"
EndProject
Global
	GlobalSection(SolutionConfigurationPlatforms) = preSolution
		Debug|Any CPU = Debug|Any CPU
		Release|Any CPU = Release|Any CPU
	EndGlobalSection
	GlobalSection(ProjectConfigurationPlatforms) = postSolution
		{4B3BF1C5-FA7D-4A69-B743-C12019E6DDE9}.Debug|Any CPU.ActiveCfg = Debug|Any CPU
		{4B3BF1C5-FA7D-4A69-B743-C12019E6DDE9}.Debug|Any CPU.Build.0 = Debug|Any CPU
		{4B3BF1C5-FA7D-4A69-B743-C12019E6DDE9}.Release|Any CPU.ActiveCfg = Release|Any CPU
		{4B3BF1C5-FA7D-4A69-B743-C12019E6DDE9}.Release|Any CPU.Build.0 = Release|Any CPU
		{4BB86141-CFA1-4EE5-A468-0C5E2C504A3F}.Debug|Any CPU.ActiveCfg = Debug|Any CPU
		{4BB86141-CFA1-4EE5-A468-0C5E2C504A3F}.Debug|Any CPU.Build.0 = Debug|Any CPU
		{4BB86141-CFA1-4EE5-A468-0C5E2C504A3F}.Release|Any CPU.ActiveCfg = Release|Any CPU
		{4BB86141-CFA1-4EE5-A468-0C5E2C504A3F}.Release|Any CPU.Build.0 = Release|Any CPU
		{C596D502-D29C-4316-BD92-101E42D60794}.Debug|Any CPU.ActiveCfg = Debug|Any CPU
		{C596D502-D29C-4316-BD92-101E42D60794}.Debug|Any CPU.Build.0 = Debug|Any CPU
		{C596D502-D29C-4316-BD92-101E42D60794}.Release|Any CPU.ActiveCfg = Release|Any CPU
		{C596D502-D29C-4316-BD92-101E42D60794}.Release|Any CPU.Build.0 = Release|Any CPU
		{785DD9BA-5449-4252-9A2D-2B65B6775A86}.Debug|Any CPU.ActiveCfg = Debug|Any CPU
		{785DD9BA-5449-4252-9A2D-2B65B6775A86}.Debug|Any CPU.Build.0 = Debug|Any CPU
		{785DD9BA-5449-4252-9A2D-2B65B6775A86}.Release|Any CPU.ActiveCfg = Release|Any CPU
		{785DD9BA-5449-4252-9A2D-2B65B6775A86}.Release|Any CPU.Build.0 = Release|Any CPU
		{84670FBE-D584-4390-9429-113D152319A1}.Debug|Any CPU.ActiveCfg = Debug|Any CPU
		{84670FBE-D584-4390-9429-113D152319A1}.Debug|Any CPU.Build.0 = Debug|Any CPU
		{84670FBE-D584-4390-9429-113D152319A1}.Release|Any CPU.ActiveCfg = Release|Any CPU
		{84670FBE-D584-4390-9429-113D152319A1}.Release|Any CPU.Build.0 = Release|Any CPU
	EndGlobalSection
	GlobalSection(SolutionProperties) = preSolution
		HideSolutionNode = FALSE
	EndGlobalSection
	GlobalSection(ExtensibilityGlobals) = postSolution
		SolutionGuid = {EFCEC543-D20C-47C7-9B13-AEE2EE06C92E}
	EndGlobalSection
EndGlobal
